// !$*UTF8*$!
{
	archiveVersion = 1;
	classes = {
	};
	objectVersion = 46;
	objects = {

/* Begin PBXBuildFile section */
		DB4D34921FE7ABD700CF04C0 /* TableViewController.m in Sources */ = {isa = PBXBuildFile; fileRef = DB4D34911FE7ABD700CF04C0 /* TableViewController.m */; };
		DB85262E1FE7A0CF00B6F852 /* RouteRegisterHelper.m in Sources */ = {isa = PBXBuildFile; fileRef = DB85262D1FE7A0CF00B6F852 /* RouteRegisterHelper.m */; };
		DBD814D91FE2511300E38492 /* main.m in Sources */ = {isa = PBXBuildFile; fileRef = DBD814D81FE2511300E38492 /* main.m */; };
		DBD814DC1FE2511300E38492 /* AppDelegate.m in Sources */ = {isa = PBXBuildFile; fileRef = DBD814DB1FE2511300E38492 /* AppDelegate.m */; };
		DBD814E21FE2511300E38492 /* Main.storyboard in Resources */ = {isa = PBXBuildFile; fileRef = DBD814E01FE2511300E38492 /* Main.storyboard */; };
		DBD814E41FE2511300E38492 /* Assets.xcassets in Resources */ = {isa = PBXBuildFile; fileRef = DBD814E31FE2511300E38492 /* Assets.xcassets */; };
		DBD814E71FE2511300E38492 /* LaunchScreen.storyboard in Resources */ = {isa = PBXBuildFile; fileRef = DBD814E51FE2511300E38492 /* LaunchScreen.storyboard */; };
		DBD814F11FE2516000E38492 /* RouteRegister.m in Sources */ = {isa = PBXBuildFile; fileRef = DBD814F01FE2516000E38492 /* RouteRegister.m */; };
		DBD814F41FE255B300E38492 /* PushRouteFactory.m in Sources */ = {isa = PBXBuildFile; fileRef = DBD814F31FE255B300E38492 /* PushRouteFactory.m */; };
		DBD960FA1FE7BBDE00448083 /* TestViewController.m in Sources */ = {isa = PBXBuildFile; fileRef = DBD960F81FE7BBDE00448083 /* TestViewController.m */; };
		DBD960FB1FE7BBDE00448083 /* TestViewController.xib in Resources */ = {isa = PBXBuildFile; fileRef = DBD960F91FE7BBDE00448083 /* TestViewController.xib */; };
		DBD960FF1FE7BD4600448083 /* MeViewController.m in Sources */ = {isa = PBXBuildFile; fileRef = DBD960FD1FE7BD4600448083 /* MeViewController.m */; };
		DBD961001FE7BD4600448083 /* MeViewController.xib in Resources */ = {isa = PBXBuildFile; fileRef = DBD960FE1FE7BD4600448083 /* MeViewController.xib */; };
/* End PBXBuildFile section */

/* Begin PBXFileReference section */
		DB4D34901FE7ABD700CF04C0 /* TableViewController.h */ = {isa = PBXFileReference; fileEncoding = 4; lastKnownFileType = sourcecode.c.h; path = TableViewController.h; sourceTree = "<group>"; };
		DB4D34911FE7ABD700CF04C0 /* TableViewController.m */ = {isa = PBXFileReference; fileEncoding = 4; lastKnownFileType = sourcecode.c.objc; path = TableViewController.m; sourceTree = "<group>"; };
		DB85262C1FE7A0CF00B6F852 /* RouteRegisterHelper.h */ = {isa = PBXFileReference; fileEncoding = 4; lastKnownFileType = sourcecode.c.h; path = RouteRegisterHelper.h; sourceTree = "<group>"; };
		DB85262D1FE7A0CF00B6F852 /* RouteRegisterHelper.m */ = {isa = PBXFileReference; fileEncoding = 4; lastKnownFileType = sourcecode.c.objc; path = RouteRegisterHelper.m; sourceTree = "<group>"; };
		DBD814D41FE2511300E38492 /* PushRouteFactory.app */ = {isa = PBXFileReference; explicitFileType = wrapper.application; includeInIndex = 0; path = PushRouteFactory.app; sourceTree = BUILT_PRODUCTS_DIR; };
		DBD814D81FE2511300E38492 /* main.m */ = {isa = PBXFileReference; lastKnownFileType = sourcecode.c.objc; path = main.m; sourceTree = "<group>"; };
		DBD814DA1FE2511300E38492 /* AppDelegate.h */ = {isa = PBXFileReference; lastKnownFileType = sourcecode.c.h; path = AppDelegate.h; sourceTree = "<group>"; };
		DBD814DB1FE2511300E38492 /* AppDelegate.m */ = {isa = PBXFileReference; lastKnownFileType = sourcecode.c.objc; path = AppDelegate.m; sourceTree = "<group>"; };
		DBD814E11FE2511300E38492 /* Base */ = {isa = PBXFileReference; lastKnownFileType = file.storyboard; name = Base; path = Base.lproj/Main.storyboard; sourceTree = "<group>"; };
		DBD814E31FE2511300E38492 /* Assets.xcassets */ = {isa = PBXFileReference; lastKnownFileType = folder.assetcatalog; path = Assets.xcassets; sourceTree = "<group>"; };
		DBD814E61FE2511300E38492 /* Base */ = {isa = PBXFileReference; lastKnownFileType = file.storyboard; name = Base; path = Base.lproj/LaunchScreen.storyboard; sourceTree = "<group>"; };
		DBD814E81FE2511300E38492 /* Info.plist */ = {isa = PBXFileReference; lastKnownFileType = text.plist.xml; path = Info.plist; sourceTree = "<group>"; };
		DBD814EF1FE2516000E38492 /* RouteRegister.h */ = {isa = PBXFileReference; fileEncoding = 4; lastKnownFileType = sourcecode.c.h; path = RouteRegister.h; sourceTree = "<group>"; };
		DBD814F01FE2516000E38492 /* RouteRegister.m */ = {isa = PBXFileReference; fileEncoding = 4; lastKnownFileType = sourcecode.c.objc; path = RouteRegister.m; sourceTree = "<group>"; };
		DBD814F21FE255B300E38492 /* PushRouteFactory.h */ = {isa = PBXFileReference; fileEncoding = 4; lastKnownFileType = sourcecode.c.h; path = PushRouteFactory.h; sourceTree = "<group>"; };
		DBD814F31FE255B300E38492 /* PushRouteFactory.m */ = {isa = PBXFileReference; fileEncoding = 4; lastKnownFileType = sourcecode.c.objc; path = PushRouteFactory.m; sourceTree = "<group>"; };
		DBD960F71FE7BBDE00448083 /* TestViewController.h */ = {isa = PBXFileReference; fileEncoding = 4; lastKnownFileType = sourcecode.c.h; path = TestViewController.h; sourceTree = "<group>"; };
		DBD960F81FE7BBDE00448083 /* TestViewController.m */ = {isa = PBXFileReference; fileEncoding = 4; lastKnownFileType = sourcecode.c.objc; path = TestViewController.m; sourceTree = "<group>"; };
		DBD960F91FE7BBDE00448083 /* TestViewController.xib */ = {isa = PBXFileReference; fileEncoding = 4; lastKnownFileType = file.xib; path = TestViewController.xib; sourceTree = "<group>"; };
		DBD960FC1FE7BD4600448083 /* MeViewController.h */ = {isa = PBXFileReference; fileEncoding = 4; lastKnownFileType = sourcecode.c.h; path = MeViewController.h; sourceTree = "<group>"; };
		DBD960FD1FE7BD4600448083 /* MeViewController.m */ = {isa = PBXFileReference; fileEncoding = 4; lastKnownFileType = sourcecode.c.objc; path = MeViewController.m; sourceTree = "<group>"; };
		DBD960FE1FE7BD4600448083 /* MeViewController.xib */ = {isa = PBXFileReference; fileEncoding = 4; lastKnownFileType = file.xib; path = MeViewController.xib; sourceTree = "<group>"; };
/* End PBXFileReference section */

/* Begin PBXFrameworksBuildPhase section */
		DBD814D11FE2511300E38492 /* Frameworks */ = {
			isa = PBXFrameworksBuildPhase;
			buildActionMask = 2147483647;
			files = (
			);
			runOnlyForDeploymentPostprocessing = 0;
		};
/* End PBXFrameworksBuildPhase section */

/* Begin PBXGroup section */
		DBD814CB1FE2511300E38492 = {
			isa = PBXGroup;
			children = (
				DBD814D61FE2511300E38492 /* PushRouteFactory */,
				DBD814D51FE2511300E38492 /* Products */,
			);
			sourceTree = "<group>";
		};
		DBD814D51FE2511300E38492 /* Products */ = {
			isa = PBXGroup;
			children = (
				DBD814D41FE2511300E38492 /* PushRouteFactory.app */,
			);
			name = Products;
			sourceTree = "<group>";
		};
		DBD814D61FE2511300E38492 /* PushRouteFactory */ = {
			isa = PBXGroup;
			children = (
				DBD814EE1FE2512100E38492 /* PushRouteFactory */,
				DBD814DA1FE2511300E38492 /* AppDelegate.h */,
				DBD814DB1FE2511300E38492 /* AppDelegate.m */,
				DB4D34901FE7ABD700CF04C0 /* TableViewController.h */,
				DB4D34911FE7ABD700CF04C0 /* TableViewController.m */,
				DBD960FC1FE7BD4600448083 /* MeViewController.h */,
				DBD960FD1FE7BD4600448083 /* MeViewController.m */,
				DBD960FE1FE7BD4600448083 /* MeViewController.xib */,
				DBD960F71FE7BBDE00448083 /* TestViewController.h */,
				DBD960F81FE7BBDE00448083 /* TestViewController.m */,
				DBD960F91FE7BBDE00448083 /* TestViewController.xib */,
				DBD814E01FE2511300E38492 /* Main.storyboard */,
				DBD814E31FE2511300E38492 /* Assets.xcassets */,
				DBD814E51FE2511300E38492 /* LaunchScreen.storyboard */,
				DBD814E81FE2511300E38492 /* Info.plist */,
				DBD814D71FE2511300E38492 /* Supporting Files */,
			);
			path = PushRouteFactory;
			sourceTree = "<group>";
		};
		DBD814D71FE2511300E38492 /* Supporting Files */ = {
			isa = PBXGroup;
			children = (
				DBD814D81FE2511300E38492 /* main.m */,
			);
			name = "Supporting Files";
			sourceTree = "<group>";
		};
		DBD814EE1FE2512100E38492 /* PushRouteFactory */ = {
			isa = PBXGroup;
			children = (
				DBD814EF1FE2516000E38492 /* RouteRegister.h */,
				DBD814F01FE2516000E38492 /* RouteRegister.m */,
				DBD814F21FE255B300E38492 /* PushRouteFactory.h */,
				DBD814F31FE255B300E38492 /* PushRouteFactory.m */,
				DB85262C1FE7A0CF00B6F852 /* RouteRegisterHelper.h */,
				DB85262D1FE7A0CF00B6F852 /* RouteRegisterHelper.m */,
			);
			path = PushRouteFactory;
			sourceTree = "<group>";
		};
/* End PBXGroup section */

/* Begin PBXNativeTarget section */
		DBD814D31FE2511300E38492 /* PushRouteFactory */ = {
			isa = PBXNativeTarget;
			buildConfigurationList = DBD814EB1FE2511300E38492 /* Build configuration list for PBXNativeTarget "PushRouteFactory" */;
			buildPhases = (
				DBD814D01FE2511300E38492 /* Sources */,
				DBD814D11FE2511300E38492 /* Frameworks */,
				DBD814D21FE2511300E38492 /* Resources */,
			);
			buildRules = (
			);
			dependencies = (
			);
			name = PushRouteFactory;
			productName = PushRouteFactory;
			productReference = DBD814D41FE2511300E38492 /* PushRouteFactory.app */;
			productType = "com.apple.product-type.application";
		};
/* End PBXNativeTarget section */

/* Begin PBXProject section */
		DBD814CC1FE2511300E38492 /* Project object */ = {
			isa = PBXProject;
			attributes = {
				LastUpgradeCheck = 0730;
				ORGANIZATIONNAME = Benight;
				TargetAttributes = {
					DBD814D31FE2511300E38492 = {
						CreatedOnToolsVersion = 7.3.1;
					};
				};
			};
			buildConfigurationList = DBD814CF1FE2511300E38492 /* Build configuration list for PBXProject "PushRouteFactory" */;
			compatibilityVersion = "Xcode 3.2";
			developmentRegion = English;
			hasScannedForEncodings = 0;
			knownRegions = (
				en,
				Base,
			);
			mainGroup = DBD814CB1FE2511300E38492;
			productRefGroup = DBD814D51FE2511300E38492 /* Products */;
			projectDirPath = "";
			projectRoot = "";
			targets = (
				DBD814D31FE2511300E38492 /* PushRouteFactory */,
			);
		};
/* End PBXProject section */

/* Begin PBXResourcesBuildPhase section */
		DBD814D21FE2511300E38492 /* Resources */ = {
			isa = PBXResourcesBuildPhase;
			buildActionMask = 2147483647;
			files = (
				DBD960FB1FE7BBDE00448083 /* TestViewController.xib in Resources */,
				DBD814E71FE2511300E38492 /* LaunchScreen.storyboard in Resources */,
				DBD961001FE7BD4600448083 /* MeViewController.xib in Resources */,
				DBD814E41FE2511300E38492 /* Assets.xcassets in Resources */,
				DBD814E21FE2511300E38492 /* Main.storyboard in Resources */,
			);
			runOnlyForDeploymentPostprocessing = 0;
		};
/* End PBXResourcesBuildPhase section */

/* Begin PBXSourcesBuildPhase section */
		DBD814D01FE2511300E38492 /* Sources */ = {
			isa = PBXSourcesBuildPhase;
			buildActionMask = 2147483647;
			files = (
				DBD814DC1FE2511300E38492 /* AppDelegate.m in Sources */,
				DBD814F41FE255B300E38492 /* PushRouteFactory.m in Sources */,
				DB85262E1FE7A0CF00B6F852 /* RouteRegisterHelper.m in Sources */,
				DBD814F11FE2516000E38492 /* RouteRegister.m in Sources */,
				DB4D34921FE7ABD700CF04C0 /* TableViewController.m in Sources */,
				DBD960FA1FE7BBDE00448083 /* TestViewController.m in Sources */,
				DBD960FF1FE7BD4600448083 /* MeViewController.m in Sources */,
				DBD814D91FE2511300E38492 /* main.m in Sources */,
			);
			runOnlyForDeploymentPostprocessing = 0;
		};
/* End PBXSourcesBuildPhase section */

/* Begin PBXVariantGroup section */
		DBD814E01FE2511300E38492 /* Main.storyboard */ = {
			isa = PBXVariantGroup;
			children = (
				DBD814E11FE2511300E38492 /* Base */,
			);
			name = Main.storyboard;
			sourceTree = "<group>";
		};
		DBD814E51FE2511300E38492 /* LaunchScreen.storyboard */ = {
			isa = PBXVariantGroup;
			children = (
				DBD814E61FE2511300E38492 /* Base */,
			);
			name = LaunchScreen.storyboard;
			sourceTree = "<group>";
		};
/* End PBXVariantGroup section */

/* Begin XCBuildConfiguration section */
		DBD814E91FE2511300E38492 /* Debug */ = {
			isa = XCBuildConfiguration;
			buildSettings = {
				ALWAYS_SEARCH_USER_PATHS = NO;
				CLANG_ANALYZER_NONNULL = YES;
				CLANG_CXX_LANGUAGE_STANDARD = "gnu++0x";
				CLANG_CXX_LIBRARY = "libc++";
				CLANG_ENABLE_MODULES = YES;
				CLANG_ENABLE_OBJC_ARC = YES;
				CLANG_WARN_BOOL_CONVERSION = YES;
				CLANG_WARN_CONSTANT_CONVERSION = YES;
				CLANG_WARN_DIRECT_OBJC_ISA_USAGE = YES_ERROR;
				CLANG_WARN_EMPTY_BODY = YES;
				CLANG_WARN_ENUM_CONVERSION = YES;
				CLANG_WARN_INT_CONVERSION = YES;
				CLANG_WARN_OBJC_ROOT_CLASS = YES_ERROR;
				CLANG_WARN_UNREACHABLE_CODE = YES;
				CLANG_WARN__DUPLICATE_METHOD_MATCH = YES;
				"CODE_SIGN_IDENTITY[sdk=iphoneos*]" = "iPhone Developer";
				COPY_PHASE_STRIP = NO;
				DEBUG_INFORMATION_FORMAT = dwarf;
				ENABLE_STRICT_OBJC_MSGSEND = YES;
				ENABLE_TESTABILITY = YES;
				GCC_C_LANGUAGE_STANDARD = gnu99;
				GCC_DYNAMIC_NO_PIC = NO;
				GCC_NO_COMMON_BLOCKS = YES;
				GCC_OPTIMIZATION_LEVEL = 0;
				GCC_PREPROCESSOR_DEFINITIONS = (
					"DEBUG=1",
					"$(inherited)",
				);
				GCC_WARN_64_TO_32_BIT_CONVERSION = YES;
				GCC_WARN_ABOUT_RETURN_TYPE = YES_ERROR;
				GCC_WARN_UNDECLARED_SELECTOR = YES;
				GCC_WARN_UNINITIALIZED_AUTOS = YES_AGGRESSIVE;
				GCC_WARN_UNUSED_FUNCTION = YES;
				GCC_WARN_UNUSED_VARIABLE = YES;
				IPHONEOS_DEPLOYMENT_TARGET = 9.3;
				MTL_ENABLE_DEBUG_INFO = YES;
				ONLY_ACTIVE_ARCH = YES;
				SDKROOT = iphoneos;
			};
			name = Debug;
		};
		DBD814EA1FE2511300E38492 /* Release */ = {
			isa = XCBuildConfiguration;
			buildSettings = {
				ALWAYS_SEARCH_USER_PATHS = NO;
				CLANG_ANALYZER_NONNULL = YES;
				CLANG_CXX_LANGUAGE_STANDARD = "gnu++0x";
				CLANG_CXX_LIBRARY = "libc++";
				CLANG_ENABLE_MODULES = YES;
				CLANG_ENABLE_OBJC_ARC = YES;
				CLANG_WARN_BOOL_CONVERSION = YES;
				CLANG_WARN_CONSTANT_CONVERSION = YES;
				CLANG_WARN_DIRECT_OBJC_ISA_USAGE = YES_ERROR;
				CLANG_WARN_EMPTY_BODY = YES;
				CLANG_WARN_ENUM_CONVERSION = YES;
				CLANG_WARN_INT_CONVERSION = YES;
				CLANG_WARN_OBJC_ROOT_CLASS = YES_ERROR;
				CLANG_WARN_UNREACHABLE_CODE = YES;
				CLANG_WARN__DUPLICATE_METHOD_MATCH = YES;
				"CODE_SIGN_IDENTITY[sdk=iphoneos*]" = "iPhone Developer";
				COPY_PHASE_STRIP = NO;
				DEBUG_INFORMATION_FORMAT = "dwarf-with-dsym";
				ENABLE_NS_ASSERTIONS = NO;
				ENABLE_STRICT_OBJC_MSGSEND = YES;
				GCC_C_LANGUAGE_STANDARD = gnu99;
				GCC_NO_COMMON_BLOCKS = YES;
				GCC_WARN_64_TO_32_BIT_CONVERSION = YES;
				GCC_WARN_ABOUT_RETURN_TYPE = YES_ERROR;
				GCC_WARN_UNDECLARED_SELECTOR = YES;
				GCC_WARN_UNINITIALIZED_AUTOS = YES_AGGRESSIVE;
				GCC_WARN_UNUSED_FUNCTION = YES;
				GCC_WARN_UNUSED_VARIABLE = YES;
				IPHONEOS_DEPLOYMENT_TARGET = 9.3;
				MTL_ENABLE_DEBUG_INFO = NO;
				SDKROOT = iphoneos;
				VALIDATE_PRODUCT = YES;
			};
			name = Release;
		};
		DBD814EC1FE2511300E38492 /* Debug */ = {
			isa = XCBuildConfiguration;
			buildSettings = {
				ASSETCATALOG_COMPILER_APPICON_NAME = AppIcon;
				INFOPLIST_FILE = PushRouteFactory/Info.plist;
				LD_RUNPATH_SEARCH_PATHS = "$(inherited) @executable_path/Frameworks";
				PRODUCT_BUNDLE_IDENTIFIER = com.Benight.PushRouteFactory;
				PRODUCT_NAME = "$(TARGET_NAME)";
			};
			name = Debug;
		};
		DBD814ED1FE2511300E38492 /* Release */ = {
			isa = XCBuildConfiguration;
			buildSettings = {
				ASSETCATALOG_COMPILER_APPICON_NAME = AppIcon;
				INFOPLIST_FILE = PushRouteFactory/Info.plist;
				LD_RUNPATH_SEARCH_PATHS = "$(inherited) @executable_path/Frameworks";
				PRODUCT_BUNDLE_IDENTIFIER = com.Benight.PushRouteFactory;
				PRODUCT_NAME = "$(TARGET_NAME)";
			};
			name = Release;
		};
/* End XCBuildConfiguration section */

/* Begin XCConfigurationList section */
		DBD814CF1FE2511300E38492 /* Build configuration list for PBXProject "PushRouteFactory" */ = {
			isa = XCConfigurationList;
			buildConfigurations = (
				DBD814E91FE2511300E38492 /* Debug */,
				DBD814EA1FE2511300E38492 /* Release */,
			);
			defaultConfigurationIsVisible = 0;
			defaultConfigurationName = Release;
		};
		DBD814EB1FE2511300E38492 /* Build configuration list for PBXNativeTarget "PushRouteFactory" */ = {
			isa = XCConfigurationList;
			buildConfigurations = (
				DBD814EC1FE2511300E38492 /* Debug */,
				DBD814ED1FE2511300E38492 /* Release */,
			);
			defaultConfigurationIsVisible = 0;
			defaultConfigurationName = Release;
		};
/* End XCConfigurationList section */
	};
	rootObject = DBD814CC1FE2511300E38492 /* Project object */;
}
